{
  "name": "volar-bug",
  "version": "0.0.1",
  "lockfileVersion": 2,
  "requires": true,
  "packages": {
    "": {
      "name": "volar-bug",
      "version": "0.0.1",
      "devDependencies": {
        "@types/gtag.js": "^0.0.10",
        "typescript": "^4.6.4"
      }
    },
    "node_modules/@types/gtag.js": {
      "version": "0.0.10",
      "resolved": "https://registry.npmjs.org/@types/gtag.js/-/gtag.js-0.0.10.tgz",
      "integrity": "sha512-98Hy7woUb3jMAMXkZQwfIOYNyfxmI0+U4m0PpCGdnd/FHk0tDpQFCqgXdNkdEoXsKkcGya/2Gew1cAJjKJspVw==",
      "dev": true
    },
    "node_modules/typescript": {
      "version": "4.6.4",
      "resolved": "https://registry.npmjs.org/typescript/-/typescript-4.6.4.tgz",
      "integrity": "sha512-9ia/jWHIEbo49HfjrLGfKbZSuWo9iTMwXO+Ca3pRsSpbsMbc7/IU8NKdCZVRRBafVPGnoJeFL76ZOAA84I9fEg==",
      "dev": true,
      "bin": {
        "tsc": "bin/tsc",
        "tsserver": "bin/tsserver"
      },
      "engines": {
        "node": ">=4.2.0"
      }
    }
  },
  "dependencies": {
    "@types/gtag.js": {
      "version": "0.0.10",
      "resolved": "https://registry.npmjs.org/@types/gtag.js/-/gtag.js-0.0.10.tgz",
      "integrity": "sha512-98Hy7woUb3jMAMXkZQwfIOYNyfxmI0+U4m0PpCGdnd/FHk0tDpQFCqgXdNkdEoXsKkcGya/2Gew1cAJjKJspVw==",
      "dev": true
    },
    "typescript": {
      "version": "4.6.4",
      "resolved": "https://registry.npmjs.org/typescript/-/typescript-4.6.4.tgz",
      "integrity": "sha512-9ia/jWHIEbo49HfjrLGfKbZSuWo9iTMwXO+Ca3pRsSpbsMbc7/IU8NKdCZVRRBafVPGnoJeFL76ZOAA84I9fEg==",
      "dev": true
    }
  }
}
